lockfileVersion: '6.0'

settings:
  autoInstallPeers: true
  excludeLinksFromLockfile: false

devDependencies:
  '@types/aws-lambda':
    specifier: ^8.10.92
    version: 8.10.129

packages:

  /@types/aws-lambda@8.10.129:
    resolution: {integrity: sha512-0Rl7CpTPVws5cp0Ui1gZh4Q+TXC65bXVwTOGoI2RKW45dxWzyZGbjIX0uFjFYdIJ8vnD45y584rIIqvD2vBBfQ==}
    dev: true
